// !$*UTF8*$!
{
	archiveVersion = 1;
	classes = {
	};
	objectVersion = 77;
	objects = {

/* Begin PBXBuildFile section */
		AF6F30FC2FAB642300461C0B /* LuluHealthWatch Watch App.app in Embed Watch Content */ = {isa = PBXBuildFile; fileRef = AF6F30DC2FAB642200461C0B /* LuluHealthWatch Watch App.app */; settings = {ATTRIBUTES = (RemoveHeadersOnCopy, ); }; };
		AF6F310E2FAB656E00461C0B /* WidgetKit.framework in Frameworks */ = {isa = PBXBuildFile; fileRef = AF6F310D2FAB656E00461C0B /* WidgetKit.framework */; };
		AF6F31102FAB656E00461C0B /* SwiftUI.framework in Frameworks */ = {isa = PBXBuildFile; fileRef = AF6F310F2FAB656E00461C0B /* SwiftUI.framework */; };
		AF6F311D2FAB656F00461C0B /* LuluHealthWidgetExtension.appex in Embed Foundation Extensions */ = {isa = PBXBuildFile; fileRef = AF6F310B2FAB656E00461C0B /* LuluHealthWidgetExtension.appex */; settings = {ATTRIBUTES = (RemoveHeadersOnCopy, ); }; };
		AF7B00012FB0000100461C0B /* Lottie in Frameworks */ = {isa = PBXBuildFile; productRef = AF7B00032FB0000100461C0B /* Lottie */; };
/* End PBXBuildFile section */

/* Begin PBXContainerItemProxy section */
		AF6F306B2FAB375700461C0B /* PBXContainerItemProxy */ = {
			isa = PBXContainerItemProxy;
			containerPortal = AF6F30512FAB375500461C0B /* Project object */;
			proxyType = 1;
			remoteGlobalIDString = AF6F30582FAB375500461C0B;
			remoteInfo = LuluHealth;
		};
		AF6F30752FAB375700461C0B /* PBXContainerItemProxy */ = {
			isa = PBXContainerItemProxy;
			containerPortal = AF6F30512FAB375500461C0B /* Project object */;
			proxyType = 1;
			remoteGlobalIDString = AF6F30582FAB375500461C0B;
			remoteInfo = LuluHealth;
		};
		AF6F30E92FAB642300461C0B /* PBXContainerItemProxy */ = {
			isa = PBXContainerItemProxy;
			containerPortal = AF6F30512FAB375500461C0B /* Project object */;
			proxyType = 1;
			remoteGlobalIDString = AF6F30DB2FAB642200461C0B;
			remoteInfo = "LuluHealthWatch Watch App";
		};
		AF6F30F32FAB642300461C0B /* PBXContainerItemProxy */ = {
			isa = PBXContainerItemProxy;
			containerPortal = AF6F30512FAB375500461C0B /* Project object */;
			proxyType = 1;
			remoteGlobalIDString = AF6F30DB2FAB642200461C0B;
			remoteInfo = "LuluHealthWatch Watch App";
		};
		AF6F30FA2FAB642300461C0B /* PBXContainerItemProxy */ = {
			isa = PBXContainerItemProxy;
			containerPortal = AF6F30512FAB375500461C0B /* Project object */;
			proxyType = 1;
			remoteGlobalIDString = AF6F30DB2FAB642200461C0B;
			remoteInfo = "LuluHealthWatch Watch App";
		};
		AF6F311B2FAB656F00461C0B /* PBXContainerItemProxy */ = {
			isa = PBXContainerItemProxy;
			containerPortal = AF6F30512FAB375500461C0B /* Project object */;
			proxyType = 1;
			remoteGlobalIDString = AF6F310A2FAB656E00461C0B;
			remoteInfo = LuluHealthWidgetExtension;
		};
/* End PBXContainerItemProxy section */

/* Begin PBXCopyFilesBuildPhase section */
		AF6F31002FAB642300461C0B /* Embed Watch Content */ = {
			isa = PBXCopyFilesBuildPhase;
			buildActionMask = 2147483647;
			dstPath = "$(CONTENTS_FOLDER_PATH)/Watch";
			dstSubfolderSpec = 16;
			files = (
				AF6F30FC2FAB642300461C0B /* LuluHealthWatch Watch App.app in Embed Watch Content */,
			);
			name = "Embed Watch Content";
			runOnlyForDeploymentPostprocessing = 0;
		};
		AF6F31222FAB656F00461C0B /* Embed Foundation Extensions */ = {
			isa = PBXCopyFilesBuildPhase;
			buildActionMask = 2147483647;
			dstPath = "";
			dstSubfolderSpec = 13;
			files = (
				AF6F311D2FAB656F00461C0B /* LuluHealthWidgetExtension.appex in Embed Foundation Extensions */,
			);
			name = "Embed Foundation Extensions";
			runOnlyForDeploymentPostprocessing = 0;
		};
/* End PBXCopyFilesBuildPhase section */

/* Begin PBXFileReference section */
		AF6F30592FAB375500461C0B /* LuluHealth.app */ = {isa = PBXFileReference; explicitFileType = wrapper.application; includeInIndex = 0; path = LuluHealth.app; sourceTree = BUILT_PRODUCTS_DIR; };
		AF6F306A2FAB375700461C0B /* LuluHealthTests.xctest */ = {isa = PBXFileReference; explicitFileType = wrapper.cfbundle; includeInIndex = 0; path = LuluHealthTests.xctest; sourceTree = BUILT_PRODUCTS_DIR; };
		AF6F30742FAB375700461C0B /* LuluHealthUITests.xctest */ = {isa = PBXFileReference; explicitFileType = wrapper.cfbundle; includeInIndex = 0; path = LuluHealthUITests.xctest; sourceTree = BUILT_PRODUCTS_DIR; };
		AF6F30DC2FAB642200461C0B /* LuluHealthWatch Watch App.app */ = {isa = PBXFileReference; explicitFileType = wrapper.application; includeInIndex = 0; path = "LuluHealthWatch Watch App.app"; sourceTree = BUILT_PRODUCTS_DIR; };
		AF6F30E82FAB642300461C0B /* LuluHealthWatch Watch AppTests.xctest */ = {isa = PBXFileReference; explicitFileType = wrapper.cfbundle; includeInIndex = 0; path = "LuluHealthWatch Watch AppTests.xctest"; sourceTree = BUILT_PRODUCTS_DIR; };
		AF6F30F22FAB642300461C0B /* LuluHealthWatch Watch AppUITests.xctest */ = {isa = PBXFileReference; explicitFileType = wrapper.cfbundle; includeInIndex = 0; path = "LuluHealthWatch Watch AppUITests.xctest"; sourceTree = BUILT_PRODUCTS_DIR; };
		AF6F310B2FAB656E00461C0B /* LuluHealthWidgetExtension.appex */ = {isa = PBXFileReference; explicitFileType = "wrapper.app-extension"; includeInIndex = 0; path = LuluHealthWidgetExtension.appex; sourceTree = BUILT_PRODUCTS_DIR; };
		AF6F310D2FAB656E00461C0B /* WidgetKit.framework */ = {isa = PBXFileReference; lastKnownFileType = wrapper.framework; name = WidgetKit.framework; path = /System/Library/Frameworks/WidgetKit.framework; sourceTree = "<absolute>"; };
		AF6F310F2FAB656E00461C0B /* SwiftUI.framework */ = {isa = PBXFileReference; lastKnownFileType = wrapper.framework; name = SwiftUI.framework; path = /System/Library/Frameworks/SwiftUI.framework; sourceTree = "<absolute>"; };
/* End PBXFileReference section */

/* Begin PBXFileSystemSynchronizedBuildFileExceptionSet section */
		AF6F307C2FAB375700461C0B /* Exceptions for "LuluHealth" folder in "LuluHealth" target */ = {
			isa = PBXFileSystemSynchronizedBuildFileExceptionSet;
			membershipExceptions = (
				Info.plist,
			);
			target = AF6F30582FAB375500461C0B /* LuluHealth */;
		};
		AF6F31212FAB656F00461C0B /* Exceptions for "LuluHealthWidget" folder in "LuluHealthWidgetExtension" target */ = {
			isa = PBXFileSystemSynchronizedBuildFileExceptionSet;
			membershipExceptions = (
				Info.plist,
			);
			target = AF6F310A2FAB656E00461C0B /* LuluHealthWidgetExtension */;
		};
/* End PBXFileSystemSynchronizedBuildFileExceptionSet section */

/* Begin PBXFileSystemSynchronizedRootGroup section */
		AF6F305B2FAB375500461C0B /* LuluHealth */ = {
			isa = PBXFileSystemSynchronizedRootGroup;
			exceptions = (
				AF6F307C2FAB375700461C0B /* Exceptions for "LuluHealth" folder in "LuluHealth" target */,
			);
			path = LuluHealth;
			sourceTree = "<group>";
		};
		AF6F306D2FAB375700461C0B /* LuluHealthTests */ = {
			isa = PBXFileSystemSynchronizedRootGroup;
			path = LuluHealthTests;
			sourceTree = "<group>";
		};
		AF6F30772FAB375700461C0B /* LuluHealthUITests */ = {
			isa = PBXFileSystemSynchronizedRootGroup;
			path = LuluHealthUITests;
			sourceTree = "<group>";
		};
		AF6F30DD2FAB642200461C0B /* LuluHealthWatch Watch App */ = {
			isa = PBXFileSystemSynchronizedRootGroup;
			path = "LuluHealthWatch Watch App";
			sourceTree = "<group>";
		};
		AF6F30EB2FAB642300461C0B /* LuluHealthWatch Watch AppTests */ = {
			isa = PBXFileSystemSynchronizedRootGroup;
			path = "LuluHealthWatch Watch AppTests";
			sourceTree = "<group>";
		};
		AF6F30F52FAB642300461C0B /* LuluHealthWatch Watch AppUITests */ = {
			isa = PBXFileSystemSynchronizedRootGroup;
			path = "LuluHealthWatch Watch AppUITests";
			sourceTree = "<group>";
		};
		AF6F31112FAB656E00461C0B /* LuluHealthWidget */ = {
			isa = PBXFileSystemSynchronizedRootGroup;
			exceptions = (
				AF6F31212FAB656F00461C0B /* Exceptions for "LuluHealthWidget" folder in "LuluHealthWidgetExtension" target */,
			);
			path = LuluHealthWidget;
			sourceTree = "<group>";
		};
/* End PBXFileSystemSynchronizedRootGroup section */

/* Begin PBXFrameworksBuildPhase section */
		AF6F30562FAB375500461C0B /* Frameworks */ = {
			isa = PBXFrameworksBuildPhase;
			buildActionMask = 2147483647;
			files = (
				AF7B00012FB0000100461C0B /* Lottie in Frameworks */,
			);
			runOnlyForDeploymentPostprocessing = 0;
		};
		AF6F30672FAB375700461C0B /* Frameworks */ = {
			isa = PBXFrameworksBuildPhase;
			buildActionMask = 2147483647;
			files = (
			);
			runOnlyForDeploymentPostprocessing = 0;
		};
		AF6F30712FAB375700461C0B /* Frameworks */ = {
			isa = PBXFrameworksBuildPhase;
			buildActionMask = 2147483647;
			files = (
			);
			runOnlyForDeploymentPostprocessing = 0;
		};
		AF6F30D92FAB642200461C0B /* Frameworks */ = {
			isa = PBXFrameworksBuildPhase;
			buildActionMask = 2147483647;
			files = (
			);
			runOnlyForDeploymentPostprocessing = 0;
		};
		AF6F30E52FAB642300461C0B /* Frameworks */ = {
			isa = PBXFrameworksBuildPhase;
			buildActionMask = 2147483647;
			files = (
			);
			runOnlyForDeploymentPostprocessing = 0;
		};
		AF6F30EF2FAB642300461C0B /* Frameworks */ = {
			isa = PBXFrameworksBuildPhase;
			buildActionMask = 2147483647;
			files = (
			);
			runOnlyForDeploymentPostprocessing = 0;
		};
		AF6F31082FAB656E00461C0B /* Frameworks */ = {
			isa = PBXFrameworksBuildPhase;
			buildActionMask = 2147483647;
			files = (
				AF6F31102FAB656E00461C0B /* SwiftUI.framework in Frameworks */,
				AF6F310E2FAB656E00461C0B /* WidgetKit.framework in Frameworks */,
			);
			runOnlyForDeploymentPostprocessing = 0;
		};
/* End PBXFrameworksBuildPhase section */

/* Begin PBXGroup section */
		AF6F30502FAB375500461C0B = {
			isa = PBXGroup;
			children = (
				AF6F305B2FAB375500461C0B /* LuluHealth */,
				AF6F306D2FAB375700461C0B /* LuluHealthTests */,
				AF6F30772FAB375700461C0B /* LuluHealthUITests */,
				AF6F30DD2FAB642200461C0B /* LuluHealthWatch Watch App */,
				AF6F30EB2FAB642300461C0B /* LuluHealthWatch Watch AppTests */,
				AF6F30F52FAB642300461C0B /* LuluHealthWatch Watch AppUITests */,
				AF6F31112FAB656E00461C0B /* LuluHealthWidget */,
				AF6F310C2FAB656E00461C0B /* Frameworks */,
				AF6F305A2FAB375500461C0B /* Products */,
			);
			sourceTree = "<group>";
		};
		AF6F305A2FAB375500461C0B /* Products */ = {
			isa = PBXGroup;
			children = (
				AF6F30592FAB375500461C0B /* LuluHealth.app */,
				AF6F306A2FAB375700461C0B /* LuluHealthTests.xctest */,
				AF6F30742FAB375700461C0B /* LuluHealthUITests.xctest */,
				AF6F30DC2FAB642200461C0B /* LuluHealthWatch Watch App.app */,
				AF6F30E82FAB642300461C0B /* LuluHealthWatch Watch AppTests.xctest */,
				AF6F30F22FAB642300461C0B /* LuluHealthWatch Watch AppUITests.xctest */,
				AF6F310B2FAB656E00461C0B /* LuluHealthWidgetExtension.appex */,
			);
			name = Products;
			sourceTree = "<group>";
		};
		AF6F310C2FAB656E00461C0B /* Frameworks */ = {
			isa = PBXGroup;
			children = (
				AF6F310D2FAB656E00461C0B /* WidgetKit.framework */,
				AF6F310F2FAB656E00461C0B /* SwiftUI.framework */,
			);
			name = Frameworks;
			sourceTree = "<group>";
		};
/* End PBXGroup section */

/* Begin PBXNativeTarget section */
		AF6F30582FAB375500461C0B /* LuluHealth */ = {
			isa = PBXNativeTarget;
			buildConfigurationList = AF6F307D2FAB375700461C0B /* Build configuration list for PBXNativeTarget "LuluHealth" */;
			buildPhases = (
				AF6F30552FAB375500461C0B /* Sources */,
				AF6F30562FAB375500461C0B /* Frameworks */,
				AF6F30572FAB375500461C0B /* Resources */,
				AF6F31002FAB642300461C0B /* Embed Watch Content */,
				AF6F31222FAB656F00461C0B /* Embed Foundation Extensions */,
			);
			buildRules = (
			);
			dependencies = (
				AF6F30FB2FAB642300461C0B /* PBXTargetDependency */,
				AF6F311C2FAB656F00461C0B /* PBXTargetDependency */,
			);
			fileSystemSynchronizedGroups = (
				AF6F305B2FAB375500461C0B /* LuluHealth */,
			);
			name = LuluHealth;
			packageProductDependencies = (
				AF7B00032FB0000100461C0B /* Lottie */,
			);
			productName = LuluHealth;
			productReference = AF6F30592FAB375500461C0B /* LuluHealth.app */;
			productType = "com.apple.product-type.application";
		};
		AF6F30692FAB375700461C0B /* LuluHealthTests */ = {
			isa = PBXNativeTarget;
			buildConfigurationList = AF6F30822FAB375700461C0B /* Build configuration list for PBXNativeTarget "LuluHealthTests" */;
			buildPhases = (
				AF6F30662FAB375700461C0B /* Sources */,
				AF6F30672FAB375700461C0B /* Frameworks */,
				AF6F30682FAB375700461C0B /* Resources */,
			);
			buildRules = (
			);
			dependencies = (
				AF6F306C2FAB375700461C0B /* PBXTargetDependency */,
			);
			fileSystemSynchronizedGroups = (
				AF6F306D2FAB375700461C0B /* LuluHealthTests */,
			);
			name = LuluHealthTests;
			packageProductDependencies = (
			);
			productName = LuluHealthTests;
			productReference = AF6F306A2FAB375700461C0B /* LuluHealthTests.xctest */;
			productType = "com.apple.product-type.bundle.unit-test";
		};
		AF6F30732FAB375700461C0B /* LuluHealthUITests */ = {
			isa = PBXNativeTarget;
			buildConfigurationList = AF6F30852FAB375700461C0B /* Build configuration list for PBXNativeTarget "LuluHealthUITests" */;
			buildPhases = (
				AF6F30702FAB375700461C0B /* Sources */,
				AF6F30712FAB375700461C0B /* Frameworks */,
				AF6F30722FAB375700461C0B /* Resources */,
			);
			buildRules = (
			);
			dependencies = (
				AF6F30762FAB375700461C0B /* PBXTargetDependency */,
			);
			fileSystemSynchronizedGroups = (
				AF6F30772FAB375700461C0B /* LuluHealthUITests */,
			);
			name = LuluHealthUITests;
			packageProductDependencies = (
			);
			productName = LuluHealthUITests;
			productReference = AF6F30742FAB375700461C0B /* LuluHealthUITests.xctest */;
			productType = "com.apple.product-type.bundle.ui-testing";
		};
		AF6F30DB2FAB642200461C0B /* LuluHealthWatch Watch App */ = {
			isa = PBXNativeTarget;
			buildConfigurationList = AF6F30FD2FAB642300461C0B /* Build configuration list for PBXNativeTarget "LuluHealthWatch Watch App" */;
			buildPhases = (
				AF6F30D82FAB642200461C0B /* Sources */,
				AF6F30D92FAB642200461C0B /* Frameworks */,
				AF6F30DA2FAB642200461C0B /* Resources */,
			);
			buildRules = (
			);
			dependencies = (
			);
			fileSystemSynchronizedGroups = (
				AF6F30DD2FAB642200461C0B /* LuluHealthWatch Watch App */,
			);
			name = "LuluHealthWatch Watch App";
			packageProductDependencies = (
			);
			productName = "LuluHealthWatch Watch App";
			productReference = AF6F30DC2FAB642200461C0B /* LuluHealthWatch Watch App.app */;
			productType = "com.apple.product-type.application";
		};
		AF6F30E72FAB642300461C0B /* LuluHealthWatch Watch AppTests */ = {
			isa = PBXNativeTarget;
			buildConfigurationList = AF6F31012FAB642300461C0B /* Build configuration list for PBXNativeTarget "LuluHealthWatch Watch AppTests" */;
			buildPhases = (
				AF6F30E42FAB642300461C0B /* Sources */,
				AF6F30E52FAB642300461C0B /* Frameworks */,
				AF6F30E62FAB642300461C0B /* Resources */,
			);
			buildRules = (
			);
			dependencies = (
				AF6F30EA2FAB642300461C0B /* PBXTargetDependency */,
			);
			fileSystemSynchronizedGroups = (
				AF6F30EB2FAB642300461C0B /* LuluHealthWatch Watch AppTests */,
			);
			name = "LuluHealthWatch Watch AppTests";
			packageProductDependencies = (
			);
			productName = "LuluHealthWatch Watch AppTests";
			productReference = AF6F30E82FAB642300461C0B /* LuluHealthWatch Watch AppTests.xctest */;
			productType = "com.apple.product-type.bundle.unit-test";
		};
		AF6F30F12FAB642300461C0B /* LuluHealthWatch Watch AppUITests */ = {
			isa = PBXNativeTarget;
			buildConfigurationList = AF6F31042FAB642300461C0B /* Build configuration list for PBXNativeTarget "LuluHealthWatch Watch AppUITests" */;
			buildPhases = (
				AF6F30EE2FAB642300461C0B /* Sources */,
				AF6F30EF2FAB642300461C0B /* Frameworks */,
				AF6F30F02FAB642300461C0B /* Resources */,
			);
			buildRules = (
			);
			dependencies = (
				AF6F30F42FAB642300461C0B /* PBXTargetDependency */,
			);
			fileSystemSynchronizedGroups = (
				AF6F30F52FAB642300461C0B /* LuluHealthWatch Watch AppUITests */,
			);
			name = "LuluHealthWatch Watch AppUITests";
			packageProductDependencies = (
			);
			productName = "LuluHealthWatch Watch AppUITests";
			productReference = AF6F30F22FAB642300461C0B /* LuluHealthWatch Watch AppUITests.xctest */;
			productType = "com.apple.product-type.bundle.ui-testing";
		};
		AF6F310A2FAB656E00461C0B /* LuluHealthWidgetExtension */ = {
			isa = PBXNativeTarget;
			buildConfigurationList = AF6F311E2FAB656F00461C0B /* Build configuration list for PBXNativeTarget "LuluHealthWidgetExtension" */;
			buildPhases = (
				AF6F31072FAB656E00461C0B /* Sources */,
				AF6F31082FAB656E00461C0B /* Frameworks */,
				AF6F31092FAB656E00461C0B /* Resources */,
			);
			buildRules = (
			);
			dependencies = (
			);
			fileSystemSynchronizedGroups = (
				AF6F31112FAB656E00461C0B /* LuluHealthWidget */,
			);
			name = LuluHealthWidgetExtension;
			packageProductDependencies = (
			);
			productName = LuluHealthWidgetExtension;
			productReference = AF6F310B2FAB656E00461C0B /* LuluHealthWidgetExtension.appex */;
			productType = "com.apple.product-type.app-extension";
		};
/* End PBXNativeTarget section */

/* Begin PBXProject section */
		AF6F30512FAB375500461C0B /* Project object */ = {
			isa = PBXProject;
			attributes = {
				BuildIndependentTargetsInParallel = 1;
				LastSwiftUpdateCheck = 2640;
				LastUpgradeCheck = 2640;
				TargetAttributes = {
					AF6F30582FAB375500461C0B = {
						CreatedOnToolsVersion = 26.4;
					};
					AF6F30692FAB375700461C0B = {
						CreatedOnToolsVersion = 26.4;
						TestTargetID = AF6F30582FAB375500461C0B;
					};
					AF6F30732FAB375700461C0B = {
						CreatedOnToolsVersion = 26.4;
						TestTargetID = AF6F30582FAB375500461C0B;
					};
					AF6F30DB2FAB642200461C0B = {
						CreatedOnToolsVersion = 26.4;
					};
					AF6F30E72FAB642300461C0B = {
						CreatedOnToolsVersion = 26.4;
						TestTargetID = AF6F30DB2FAB642200461C0B;
					};
					AF6F30F12FAB642300461C0B = {
						CreatedOnToolsVersion = 26.4;
						TestTargetID = AF6F30DB2FAB642200461C0B;
					};
					AF6F310A2FAB656E00461C0B = {
						CreatedOnToolsVersion = 26.4;
					};
				};
			};
			buildConfigurationList = AF6F30542FAB375500461C0B /* Build configuration list for PBXProject "LuluHealth" */;
			developmentRegion = en;
			hasScannedForEncodings = 0;
			knownRegions = (
				en,
				Base,
			);
			mainGroup = AF6F30502FAB375500461C0B;
			minimizedProjectReferenceProxies = 1;
			packageReferences = (
				AF7B00022FB0000100461C0B /* XCRemoteSwiftPackageReference "lottie-ios" */,
			);
			preferredProjectObjectVersion = 77;
			productRefGroup = AF6F305A2FAB375500461C0B /* Products */;
			projectDirPath = "";
			projectRoot = "";
			targets = (
				AF6F30582FAB375500461C0B /* LuluHealth */,
				AF6F30692FAB375700461C0B /* LuluHealthTests */,
				AF6F30732FAB375700461C0B /* LuluHealthUITests */,
				AF6F30DB2FAB642200461C0B /* LuluHealthWatch Watch App */,
				AF6F30E72FAB642300461C0B /* LuluHealthWatch Watch AppTests */,
				AF6F30F12FAB642300461C0B /* LuluHealthWatch Watch AppUITests */,
				AF6F310A2FAB656E00461C0B /* LuluHealthWidgetExtension */,
			);
		};
/* End PBXProject section */

/* Begin PBXResourcesBuildPhase section */
		AF6F30572FAB375500461C0B /* Resources */ = {
			isa = PBXResourcesBuildPhase;
			buildActionMask = 2147483647;
			files = (
			);
			runOnlyForDeploymentPostprocessing = 0;
		};
		AF6F30682FAB375700461C0B /* Resources */ = {
			isa = PBXResourcesBuildPhase;
			buildActionMask = 2147483647;
			files = (
			);
			runOnlyForDeploymentPostprocessing = 0;
		};
		AF6F30722FAB375700461C0B /* Resources */ = {
			isa = PBXResourcesBuildPhase;
			buildActionMask = 2147483647;
			files = (
			);
			runOnlyForDeploymentPostprocessing = 0;
		};
		AF6F30DA2FAB642200461C0B /* Resources */ = {
			isa = PBXResourcesBuildPhase;
			buildActionMask = 2147483647;
			files = (
			);
			runOnlyForDeploymentPostprocessing = 0;
		};
		AF6F30E62FAB642300461C0B /* Resources */ = {
			isa = PBXResourcesBuildPhase;
			buildActionMask = 2147483647;
			files = (
			);
			runOnlyForDeploymentPostprocessing = 0;
		};
		AF6F30F02FAB642300461C0B /* Resources */ = {
			isa = PBXResourcesBuildPhase;
			buildActionMask = 2147483647;
			files = (
			);
			runOnlyForDeploymentPostprocessing = 0;
		};
		AF6F31092FAB656E00461C0B /* Resources */ = {
			isa = PBXResourcesBuildPhase;
			buildActionMask = 2147483647;
			files = (
			);
			runOnlyForDeploymentPostprocessing = 0;
		};
/* End PBXResourcesBuildPhase section */

/* Begin PBXSourcesBuildPhase section */
		AF6F30552FAB375500461C0B /* Sources */ = {
			isa = PBXSourcesBuildPhase;
			buildActionMask = 2147483647;
			files = (
			);
			runOnlyForDeploymentPostprocessing = 0;
		};
		AF6F30662FAB375700461C0B /* Sources */ = {
			isa = PBXSourcesBuildPhase;
			buildActionMask = 2147483647;
			files = (
			);
			runOnlyForDeploymentPostprocessing = 0;
		};
		AF6F30702FAB375700461C0B /* Sources */ = {
			isa = PBXSourcesBuildPhase;
			buildActionMask = 2147483647;
			files = (
			);
			runOnlyForDeploymentPostprocessing = 0;
		};
		AF6F30D82FAB642200461C0B /* Sources */ = {
			isa = PBXSourcesBuildPhase;
			buildActionMask = 2147483647;
			files = (
			);
			runOnlyForDeploymentPostprocessing = 0;
		};
		AF6F30E42FAB642300461C0B /* Sources */ = {
			isa = PBXSourcesBuildPhase;
			buildActionMask = 2147483647;
			files = (
			);
			runOnlyForDeploymentPostprocessing = 0;
		};
		AF6F30EE2FAB642300461C0B /* Sources */ = {
			isa = PBXSourcesBuildPhase;
			buildActionMask = 2147483647;
			files = (
			);
			runOnlyForDeploymentPostprocessing = 0;
		};
		AF6F31072FAB656E00461C0B /* Sources */ = {
			isa = PBXSourcesBuildPhase;
			buildActionMask = 2147483647;
			files = (
			);
			runOnlyForDeploymentPostprocessing = 0;
		};
/* End PBXSourcesBuildPhase section */

/* Begin PBXTargetDependency section */
		AF6F306C2FAB375700461C0B /* PBXTargetDependency */ = {
			isa = PBXTargetDependency;
			target = AF6F30582FAB375500461C0B /* LuluHealth */;
			targetProxy = AF6F306B2FAB375700461C0B /* PBXContainerItemProxy */;
		};
		AF6F30762FAB375700461C0B /* PBXTargetDependency */ = {
			isa = PBXTargetDependency;
			target = AF6F30582FAB375500461C0B /* LuluHealth */;
			targetProxy = AF6F30752FAB375700461C0B /* PBXContainerItemProxy */;
		};
		AF6F30EA2FAB642300461C0B /* PBXTargetDependency */ = {
			isa = PBXTargetDependency;
			target = AF6F30DB2FAB642200461C0B /* LuluHealthWatch Watch App */;
			targetProxy = AF6F30E92FAB642300461C0B /* PBXContainerItemProxy */;
		};
		AF6F30F42FAB642300461C0B /* PBXTargetDependency */ = {
			isa = PBXTargetDependency;
			target = AF6F30DB2FAB642200461C0B /* LuluHealthWatch Watch App */;
			targetProxy = AF6F30F32FAB642300461C0B /* PBXContainerItemProxy */;
		};
		AF6F30FB2FAB642300461C0B /* PBXTargetDependency */ = {
			isa = PBXTargetDependency;
			target = AF6F30DB2FAB642200461C0B /* LuluHealthWatch Watch App */;
			targetProxy = AF6F30FA2FAB642300461C0B /* PBXContainerItemProxy */;
		};
		AF6F311C2FAB656F00461C0B /* PBXTargetDependency */ = {
			isa = PBXTargetDependency;
			target = AF6F310A2FAB656E00461C0B /* LuluHealthWidgetExtension */;
			targetProxy = AF6F311B2FAB656F00461C0B /* PBXContainerItemProxy */;
		};
/* End PBXTargetDependency section */

/* Begin XCBuildConfiguration section */
		AF6F307E2FAB375700461C0B /* Debug */ = {
			isa = XCBuildConfiguration;
			buildSettings = {
				ASSETCATALOG_COMPILER_APPICON_NAME = AppIcon;
				ASSETCATALOG_COMPILER_GLOBAL_ACCENT_COLOR_NAME = AccentColor;
				CODE_SIGN_STYLE = Automatic;
				CURRENT_PROJECT_VERSION = 1;
				DEVELOPMENT_TEAM = S9CQLSA84R;
				ENABLE_APP_SANDBOX = YES;
				ENABLE_HARDENED_RUNTIME = YES;
				ENABLE_PREVIEWS = YES;
				ENABLE_USER_SELECTED_FILES = readonly;
				GENERATE_INFOPLIST_FILE = YES;
				INFOPLIST_FILE = LuluHealth/Info.plist;
				INFOPLIST_KEY_CFBundleDisplayName = "小鹿健康";
				INFOPLIST_KEY_LSApplicationCategoryType = "public.app-category.lifestyle";
				"INFOPLIST_KEY_UIApplicationSceneManifest_Generation[sdk=iphoneos*]" = YES;
				"INFOPLIST_KEY_UIApplicationSceneManifest_Generation[sdk=iphonesimulator*]" = YES;
				"INFOPLIST_KEY_UIApplicationSupportsIndirectInputEvents[sdk=iphoneos*]" = YES;
				"INFOPLIST_KEY_UIApplicationSupportsIndirectInputEvents[sdk=iphonesimulator*]" = YES;
				"INFOPLIST_KEY_UILaunchScreen_Generation[sdk=iphoneos*]" = YES;
				"INFOPLIST_KEY_UILaunchScreen_Generation[sdk=iphonesimulator*]" = YES;
				"INFOPLIST_KEY_UIStatusBarStyle[sdk=iphoneos*]" = UIStatusBarStyleDefault;
				"INFOPLIST_KEY_UIStatusBarStyle[sdk=iphonesimulator*]" = UIStatusBarStyleDefault;
				INFOPLIST_KEY_UISupportedInterfaceOrientations_iPad = "UIInterfaceOrientationPortrait UIInterfaceOrientationPortraitUpsideDown UIInterfaceOrientationLandscapeLeft UIInterfaceOrientationLandscapeRight";
				INFOPLIST_KEY_UISupportedInterfaceOrientations_iPhone = "UIInterfaceOrientationPortrait UIInterfaceOrientationLandscapeLeft UIInterfaceOrientationLandscapeRight";
				IPHONEOS_DEPLOYMENT_TARGET = 26.4;
				LD_RUNPATH_SEARCH_PATHS = "@executable_path/Frameworks";
				"LD_RUNPATH_SEARCH_PATHS[sdk=macosx*]" = "@executable_path/../Frameworks";
				MACOSX_DEPLOYMENT_TARGET = 26.4;
				MARKETING_VERSION = 1.0;
				PRODUCT_BUNDLE_IDENTIFIER = aegislabs.LuluHealth;
				PRODUCT_NAME = "$(TARGET_NAME)";
				REGISTER_APP_GROUPS = YES;
				SDKROOT = auto;
				STRING_CATALOG_GENERATE_SYMBOLS = YES;
				SUPPORTED_PLATFORMS = "iphoneos iphonesimulator macosx xros xrsimulator";
				SWIFT_APPROACHABLE_CONCURRENCY = YES;
				SWIFT_DEFAULT_ACTOR_ISOLATION = MainActor;
				SWIFT_EMIT_LOC_STRINGS = YES;
				SWIFT_UPCOMING_FEATURE_MEMBER_IMPORT_VISIBILITY = YES;
				SWIFT_VERSION = 5.0;
				TARGETED_DEVICE_FAMILY = "1,2,7";
				XROS_DEPLOYMENT_TARGET = 26.4;
			};
			name = Debug;
		};
		AF6F307F2FAB375700461C0B /* Release */ = {
			isa = XCBuildConfiguration;
			buildSettings = {
				ASSETCATALOG_COMPILER_APPICON_NAME = AppIcon;
				ASSETCATALOG_COMPILER_GLOBAL_ACCENT_COLOR_NAME = AccentColor;
				CODE_SIGN_STYLE = Automatic;
				CURRENT_PROJECT_VERSION = 1;
				DEVELOPMENT_TEAM = S9CQLSA84R;
				ENABLE_APP_SANDBOX = YES;
				ENABLE_HARDENED_RUNTIME = YES;
				ENABLE_PREVIEWS = YES;
				ENABLE_USER_SELECTED_FILES = readonly;
				GENERATE_INFOPLIST_FILE = YES;
				INFOPLIST_FILE = LuluHealth/Info.plist;
				INFOPLIST_KEY_CFBundleDisplayName = "小鹿健康";
				INFOPLIST_KEY_LSApplicationCategoryType = "public.app-category.lifestyle";
				"INFOPLIST_KEY_UIApplicationSceneManifest_Generation[sdk=iphoneos*]" = YES;
				"INFOPLIST_KEY_UIApplicationSceneManifest_Generation[sdk=iphonesimulator*]" = YES;
				"INFOPLIST_KEY_UIApplicationSupportsIndirectInputEvents[sdk=iphoneos*]" = YES;
				"INFOPLIST_KEY_UIApplicationSupportsIndirectInputEvents[sdk=iphonesimulator*]" = YES;
				"INFOPLIST_KEY_UILaunchScreen_Generation[sdk=iphoneos*]" = YES;
				"INFOPLIST_KEY_UILaunchScreen_Generation[sdk=iphonesimulator*]" = YES;
				"INFOPLIST_KEY_UIStatusBarStyle[sdk=iphoneos*]" = UIStatusBarStyleDefault;
				"INFOPLIST_KEY_UIStatusBarStyle[sdk=iphonesimulator*]" = UIStatusBarStyleDefault;
				INFOPLIST_KEY_UISupportedInterfaceOrientations_iPad = "UIInterfaceOrientationPortrait UIInterfaceOrientationPortraitUpsideDown UIInterfaceOrientationLandscapeLeft UIInterfaceOrientationLandscapeRight";
				INFOPLIST_KEY_UISupportedInterfaceOrientations_iPhone = "UIInterfaceOrientationPortrait UIInterfaceOrientationLandscapeLeft UIInterfaceOrientationLandscapeRight";
				IPHONEOS_DEPLOYMENT_TARGET = 26.4;
				LD_RUNPATH_SEARCH_PATHS = "@executable_path/Frameworks";
				"LD_RUNPATH_SEARCH_PATHS[sdk=macosx*]" = "@executable_path/../Frameworks";
				MACOSX_DEPLOYMENT_TARGET = 26.4;
				MARKETING_VERSION = 1.0;
				PRODUCT_BUNDLE_IDENTIFIER = aegislabs.LuluHealth;
				PRODUCT_NAME = "$(TARGET_NAME)";
				REGISTER_APP_GROUPS = YES;
				SDKROOT = auto;
				STRING_CATALOG_GENERATE_SYMBOLS = YES;
				SUPPORTED_PLATFORMS = "iphoneos iphonesimulator macosx xros xrsimulator";
				SWIFT_APPROACHABLE_CONCURRENCY = YES;
				SWIFT_DEFAULT_ACTOR_ISOLATION = MainActor;
				SWIFT_EMIT_LOC_STRINGS = YES;
				SWIFT_UPCOMING_FEATURE_MEMBER_IMPORT_VISIBILITY = YES;
				SWIFT_VERSION = 5.0;
				TARGETED_DEVICE_FAMILY = "1,2,7";
				XROS_DEPLOYMENT_TARGET = 26.4;
			};
			name = Release;
		};
		AF6F30802FAB375700461C0B /* Debug */ = {
			isa = XCBuildConfiguration;
			buildSettings = {
				ALWAYS_SEARCH_USER_PATHS = NO;
				ASSETCATALOG_COMPILER_GENERATE_SWIFT_ASSET_SYMBOL_EXTENSIONS = YES;
				CLANG_ANALYZER_NONNULL = YES;
				CLANG_ANALYZER_NUMBER_OBJECT_CONVERSION = YES_AGGRESSIVE;
				CLANG_CXX_LANGUAGE_STANDARD = "gnu++20";
				CLANG_ENABLE_MODULES = YES;
				CLANG_ENABLE_OBJC_ARC = YES;
				CLANG_ENABLE_OBJC_WEAK = YES;
				CLANG_WARN_BLOCK_CAPTURE_AUTORELEASING = YES;
				CLANG_WARN_BOOL_CONVERSION = YES;
				CLANG_WARN_COMMA = YES;
				CLANG_WARN_CONSTANT_CONVERSION = YES;
				CLANG_WARN_DEPRECATED_OBJC_IMPLEMENTATIONS = YES;
				CLANG_WARN_DIRECT_OBJC_ISA_USAGE = YES_ERROR;
				CLANG_WARN_DOCUMENTATION_COMMENTS = YES;
				CLANG_WARN_EMPTY_BODY = YES;
				CLANG_WARN_ENUM_CONVERSION = YES;
				CLANG_WARN_INFINITE_RECURSION = YES;
				CLANG_WARN_INT_CONVERSION = YES;
				CLANG_WARN_NON_LITERAL_NULL_CONVERSION = YES;
				CLANG_WARN_OBJC_IMPLICIT_RETAIN_SELF = YES;
				CLANG_WARN_OBJC_LITERAL_CONVERSION = YES;
				CLANG_WARN_OBJC_ROOT_CLASS = YES_ERROR;
				CLANG_WARN_QUOTED_INCLUDE_IN_FRAMEWORK_HEADER = YES;
				CLANG_WARN_RANGE_LOOP_ANALYSIS = YES;
				CLANG_WARN_STRICT_PROTOTYPES = YES;
				CLANG_WARN_SUSPICIOUS_MOVE = YES;
				CLANG_WARN_UNGUARDED_AVAILABILITY = YES_AGGRESSIVE;
				CLANG_WARN_UNREACHABLE_CODE = YES;
				CLANG_WARN__DUPLICATE_METHOD_MATCH = YES;
				COPY_PHASE_STRIP = NO;
				DEBUG_INFORMATION_FORMAT = dwarf;
				DEVELOPMENT_TEAM = S9CQLSA84R;
				ENABLE_STRICT_OBJC_MSGSEND = YES;
				ENABLE_TESTABILITY = YES;
				ENABLE_USER_SCRIPT_SANDBOXING = YES;
				GCC_C_LANGUAGE_STANDARD = gnu17;
				GCC_DYNAMIC_NO_PIC = NO;
				GCC_NO_COMMON_BLOCKS = YES;
				GCC_OPTIMIZATION_LEVEL = 0;
				GCC_PREPROCESSOR_DEFINITIONS = (
					"DEBUG=1",
					"$(inherited)",
				);
				GCC_WARN_64_TO_32_BIT_CONVERSION = YES;
				GCC_WARN_ABOUT_RETURN_TYPE = YES_ERROR;
				GCC_WARN_UNDECLARED_SELECTOR = YES;
				GCC_WARN_UNINITIALIZED_AUTOS = YES_AGGRESSIVE;
				GCC_WARN_UNUSED_FUNCTION = YES;
				GCC_WARN_UNUSED_VARIABLE = YES;
				LOCALIZATION_PREFERS_STRING_CATALOGS = YES;
				MTL_ENABLE_DEBUG_INFO = INCLUDE_SOURCE;
				MTL_FAST_MATH = YES;
				ONLY_ACTIVE_ARCH = YES;
				SWIFT_ACTIVE_COMPILATION_CONDITIONS = "DEBUG $(inherited)";
				SWIFT_OPTIMIZATION_LEVEL = "-Onone";
			};
			name = Debug;
		};
		AF6F30812FAB375700461C0B /* Release */ = {
			isa = XCBuildConfiguration;
			buildSettings = {
				ALWAYS_SEARCH_USER_PATHS = NO;
				ASSETCATALOG_COMPILER_GENERATE_SWIFT_ASSET_SYMBOL_EXTENSIONS = YES;
				CLANG_ANALYZER_NONNULL = YES;
				CLANG_ANALYZER_NUMBER_OBJECT_CONVERSION = YES_AGGRESSIVE;
				CLANG_CXX_LANGUAGE_STANDARD = "gnu++20";
				CLANG_ENABLE_MODULES = YES;
				CLANG_ENABLE_OBJC_ARC = YES;
				CLANG_ENABLE_OBJC_WEAK = YES;
				CLANG_WARN_BLOCK_CAPTURE_AUTORELEASING = YES;
				CLANG_WARN_BOOL_CONVERSION = YES;
				CLANG_WARN_COMMA = YES;
				CLANG_WARN_CONSTANT_CONVERSION = YES;
				CLANG_WARN_DEPRECATED_OBJC_IMPLEMENTATIONS = YES;
				CLANG_WARN_DIRECT_OBJC_ISA_USAGE = YES_ERROR;
				CLANG_WARN_DOCUMENTATION_COMMENTS = YES;
				CLANG_WARN_EMPTY_BODY = YES;
				CLANG_WARN_ENUM_CONVERSION = YES;
				CLANG_WARN_INFINITE_RECURSION = YES;
				CLANG_WARN_INT_CONVERSION = YES;
				CLANG_WARN_NON_LITERAL_NULL_CONVERSION = YES;
				CLANG_WARN_OBJC_IMPLICIT_RETAIN_SELF = YES;
				CLANG_WARN_OBJC_LITERAL_CONVERSION = YES;
				CLANG_WARN_OBJC_ROOT_CLASS = YES_ERROR;
				CLANG_WARN_QUOTED_INCLUDE_IN_FRAMEWORK_HEADER = YES;
				CLANG_WARN_RANGE_LOOP_ANALYSIS = YES;
				CLANG_WARN_STRICT_PROTOTYPES = YES;
				CLANG_WARN_SUSPICIOUS_MOVE = YES;
				CLANG_WARN_UNGUARDED_AVAILABILITY = YES_AGGRESSIVE;
				CLANG_WARN_UNREACHABLE_CODE = YES;
				CLANG_WARN__DUPLICATE_METHOD_MATCH = YES;
				COPY_PHASE_STRIP = NO;
				DEBUG_INFORMATION_FORMAT = "dwarf-with-dsym";
				DEVELOPMENT_TEAM = S9CQLSA84R;
				ENABLE_NS_ASSERTIONS = NO;
				ENABLE_STRICT_OBJC_MSGSEND = YES;
				ENABLE_USER_SCRIPT_SANDBOXING = YES;
				GCC_C_LANGUAGE_STANDARD = gnu17;
				GCC_NO_COMMON_BLOCKS = YES;
				GCC_WARN_64_TO_32_BIT_CONVERSION = YES;
				GCC_WARN_ABOUT_RETURN_TYPE = YES_ERROR;
				GCC_WARN_UNDECLARED_SELECTOR = YES;
				GCC_WARN_UNINITIALIZED_AUTOS = YES_AGGRESSIVE;
				GCC_WARN_UNUSED_FUNCTION = YES;
				GCC_WARN_UNUSED_VARIABLE = YES;
				LOCALIZATION_PREFERS_STRING_CATALOGS = YES;
				MTL_ENABLE_DEBUG_INFO = NO;
				MTL_FAST_MATH = YES;
				SWIFT_COMPILATION_MODE = wholemodule;
			};
			name = Release;
		};
		AF6F30832FAB375700461C0B /* Debug */ = {
			isa = XCBuildConfiguration;
			buildSettings = {
				BUNDLE_LOADER = "$(TEST_HOST)";
				CODE_SIGN_STYLE = Automatic;
				CURRENT_PROJECT_VERSION = 1;
				DEVELOPMENT_TEAM = S9CQLSA84R;
				GENERATE_INFOPLIST_FILE = YES;
				IPHONEOS_DEPLOYMENT_TARGET = 26.4;
				MACOSX_DEPLOYMENT_TARGET = 26.4;
				MARKETING_VERSION = 1.0;
				PRODUCT_BUNDLE_IDENTIFIER = aegislabs.LuluHealthTests;
				PRODUCT_NAME = "$(TARGET_NAME)";
				SDKROOT = auto;
				STRING_CATALOG_GENERATE_SYMBOLS = NO;
				SUPPORTED_PLATFORMS = "iphoneos iphonesimulator macosx xros xrsimulator";
				SWIFT_APPROACHABLE_CONCURRENCY = YES;
				SWIFT_EMIT_LOC_STRINGS = NO;
				SWIFT_UPCOMING_FEATURE_MEMBER_IMPORT_VISIBILITY = YES;
				SWIFT_VERSION = 5.0;
				TARGETED_DEVICE_FAMILY = "1,2,7";
				TEST_HOST = "$(BUILT_PRODUCTS_DIR)/LuluHealth.app/$(BUNDLE_EXECUTABLE_FOLDER_PATH)/LuluHealth";
				XROS_DEPLOYMENT_TARGET = 26.4;
			};
			name = Debug;
		};
		AF6F30842FAB375700461C0B /* Release */ = {
			isa = XCBuildConfiguration;
			buildSettings = {
				BUNDLE_LOADER = "$(TEST_HOST)";
				CODE_SIGN_STYLE = Automatic;
				CURRENT_PROJECT_VERSION = 1;
				DEVELOPMENT_TEAM = S9CQLSA84R;
				GENERATE_INFOPLIST_FILE = YES;
				IPHONEOS_DEPLOYMENT_TARGET = 26.4;
				MACOSX_DEPLOYMENT_TARGET = 26.4;
				MARKETING_VERSION = 1.0;
				PRODUCT_BUNDLE_IDENTIFIER = aegislabs.LuluHealthTests;
				PRODUCT_NAME = "$(TARGET_NAME)";
				SDKROOT = auto;
				STRING_CATALOG_GENERATE_SYMBOLS = NO;
				SUPPORTED_PLATFORMS = "iphoneos iphonesimulator macosx xros xrsimulator";
				SWIFT_APPROACHABLE_CONCURRENCY = YES;
				SWIFT_EMIT_LOC_STRINGS = NO;
				SWIFT_UPCOMING_FEATURE_MEMBER_IMPORT_VISIBILITY = YES;
				SWIFT_VERSION = 5.0;
				TARGETED_DEVICE_FAMILY = "1,2,7";
				TEST_HOST = "$(BUILT_PRODUCTS_DIR)/LuluHealth.app/$(BUNDLE_EXECUTABLE_FOLDER_PATH)/LuluHealth";
				XROS_DEPLOYMENT_TARGET = 26.4;
			};
			name = Release;
		};
		AF6F30862FAB375700461C0B /* Debug */ = {
			isa = XCBuildConfiguration;
			buildSettings = {
				CODE_SIGN_STYLE = Automatic;
				CURRENT_PROJECT_VERSION = 1;
				DEVELOPMENT_TEAM = S9CQLSA84R;
				GENERATE_INFOPLIST_FILE = YES;
				IPHONEOS_DEPLOYMENT_TARGET = 26.4;
				MACOSX_DEPLOYMENT_TARGET = 26.4;
				MARKETING_VERSION = 1.0;
				PRODUCT_BUNDLE_IDENTIFIER = aegislabs.LuluHealthUITests;
				PRODUCT_NAME = "$(TARGET_NAME)";
				SDKROOT = auto;
				STRING_CATALOG_GENERATE_SYMBOLS = NO;
				SUPPORTED_PLATFORMS = "iphoneos iphonesimulator macosx xros xrsimulator";
				SWIFT_APPROACHABLE_CONCURRENCY = YES;
				SWIFT_EMIT_LOC_STRINGS = NO;
				SWIFT_UPCOMING_FEATURE_MEMBER_IMPORT_VISIBILITY = YES;
				SWIFT_VERSION = 5.0;
				TARGETED_DEVICE_FAMILY = "1,2,7";
				TEST_TARGET_NAME = LuluHealth;
				XROS_DEPLOYMENT_TARGET = 26.4;
			};
			name = Debug;
		};
		AF6F30872FAB375700461C0B /* Release */ = {
			isa = XCBuildConfiguration;
			buildSettings = {
				CODE_SIGN_STYLE = Automatic;
				CURRENT_PROJECT_VERSION = 1;
				DEVELOPMENT_TEAM = S9CQLSA84R;
				GENERATE_INFOPLIST_FILE = YES;
				IPHONEOS_DEPLOYMENT_TARGET = 26.4;
				MACOSX_DEPLOYMENT_TARGET = 26.4;
				MARKETING_VERSION = 1.0;
				PRODUCT_BUNDLE_IDENTIFIER = aegislabs.LuluHealthUITests;
				PRODUCT_NAME = "$(TARGET_NAME)";
				SDKROOT = auto;
				STRING_CATALOG_GENERATE_SYMBOLS = NO;
				SUPPORTED_PLATFORMS = "iphoneos iphonesimulator macosx xros xrsimulator";
				SWIFT_APPROACHABLE_CONCURRENCY = YES;
				SWIFT_EMIT_LOC_STRINGS = NO;
				SWIFT_UPCOMING_FEATURE_MEMBER_IMPORT_VISIBILITY = YES;
				SWIFT_VERSION = 5.0;
				TARGETED_DEVICE_FAMILY = "1,2,7";
				TEST_TARGET_NAME = LuluHealth;
				XROS_DEPLOYMENT_TARGET = 26.4;
			};
			name = Release;
		};
		AF6F30FE2FAB642300461C0B /* Debug */ = {
			isa = XCBuildConfiguration;
			buildSettings = {
				ASSETCATALOG_COMPILER_APPICON_NAME = AppIcon;
				ASSETCATALOG_COMPILER_GLOBAL_ACCENT_COLOR_NAME = AccentColor;
				CODE_SIGN_STYLE = Automatic;
				CURRENT_PROJECT_VERSION = 1;
				DEVELOPMENT_TEAM = S9CQLSA84R;
				ENABLE_PREVIEWS = YES;
				GENERATE_INFOPLIST_FILE = YES;
				INFOPLIST_KEY_CFBundleDisplayName = LuluHealthWatch;
				INFOPLIST_KEY_UISupportedInterfaceOrientations = "UIInterfaceOrientationPortrait UIInterfaceOrientationPortraitUpsideDown";
				INFOPLIST_KEY_WKCompanionAppBundleIdentifier = aegislabs.LuluHealth;
				LD_RUNPATH_SEARCH_PATHS = (
					"$(inherited)",
					"@executable_path/Frameworks",
				);
				MARKETING_VERSION = 1.0;
				PRODUCT_BUNDLE_IDENTIFIER = aegislabs.LuluHealth.watchkitapp;
				PRODUCT_NAME = "$(TARGET_NAME)";
				SDKROOT = watchos;
				SKIP_INSTALL = YES;
				STRING_CATALOG_GENERATE_SYMBOLS = YES;
				SWIFT_APPROACHABLE_CONCURRENCY = YES;
				SWIFT_DEFAULT_ACTOR_ISOLATION = MainActor;
				SWIFT_EMIT_LOC_STRINGS = YES;
				SWIFT_UPCOMING_FEATURE_MEMBER_IMPORT_VISIBILITY = YES;
				SWIFT_VERSION = 5.0;
				TARGETED_DEVICE_FAMILY = 4;
				WATCHOS_DEPLOYMENT_TARGET = 26.4;
			};
			name = Debug;
		};
		AF6F30FF2FAB642300461C0B /* Release */ = {
			isa = XCBuildConfiguration;
			buildSettings = {
				ASSETCATALOG_COMPILER_APPICON_NAME = AppIcon;
				ASSETCATALOG_COMPILER_GLOBAL_ACCENT_COLOR_NAME = AccentColor;
				CODE_SIGN_STYLE = Automatic;
				CURRENT_PROJECT_VERSION = 1;
				DEVELOPMENT_TEAM = S9CQLSA84R;
				ENABLE_PREVIEWS = YES;
				GENERATE_INFOPLIST_FILE = YES;
				INFOPLIST_KEY_CFBundleDisplayName = LuluHealthWatch;
				INFOPLIST_KEY_UISupportedInterfaceOrientations = "UIInterfaceOrientationPortrait UIInterfaceOrientationPortraitUpsideDown";
				INFOPLIST_KEY_WKCompanionAppBundleIdentifier = aegislabs.LuluHealth;
				LD_RUNPATH_SEARCH_PATHS = (
					"$(inherited)",
					"@executable_path/Frameworks",
				);
				MARKETING_VERSION = 1.0;
				PRODUCT_BUNDLE_IDENTIFIER = aegislabs.LuluHealth.watchkitapp;
				PRODUCT_NAME = "$(TARGET_NAME)";
				SDKROOT = watchos;
				SKIP_INSTALL = YES;
				STRING_CATALOG_GENERATE_SYMBOLS = YES;
				SWIFT_APPROACHABLE_CONCURRENCY = YES;
				SWIFT_DEFAULT_ACTOR_ISOLATION = MainActor;
				SWIFT_EMIT_LOC_STRINGS = YES;
				SWIFT_UPCOMING_FEATURE_MEMBER_IMPORT_VISIBILITY = YES;
				SWIFT_VERSION = 5.0;
				TARGETED_DEVICE_FAMILY = 4;
				VALIDATE_PRODUCT = YES;
				WATCHOS_DEPLOYMENT_TARGET = 26.4;
			};
			name = Release;
		};
		AF6F31022FAB642300461C0B /* Debug */ = {
			isa = XCBuildConfiguration;
			buildSettings = {
				BUNDLE_LOADER = "$(TEST_HOST)";
				CODE_SIGN_STYLE = Automatic;
				CURRENT_PROJECT_VERSION = 1;
				DEVELOPMENT_TEAM = S9CQLSA84R;
				GENERATE_INFOPLIST_FILE = YES;
				MARKETING_VERSION = 1.0;
				PRODUCT_BUNDLE_IDENTIFIER = "aegislabs.LuluHealthWatch-Watch-AppTests";
				PRODUCT_NAME = "$(TARGET_NAME)";
				SDKROOT = watchos;
				STRING_CATALOG_GENERATE_SYMBOLS = NO;
				SWIFT_APPROACHABLE_CONCURRENCY = YES;
				SWIFT_EMIT_LOC_STRINGS = NO;
				SWIFT_UPCOMING_FEATURE_MEMBER_IMPORT_VISIBILITY = YES;
				SWIFT_VERSION = 5.0;
				TARGETED_DEVICE_FAMILY = 4;
				TEST_HOST = "$(BUILT_PRODUCTS_DIR)/LuluHealthWatch Watch App.app/$(BUNDLE_EXECUTABLE_FOLDER_PATH)/LuluHealthWatch Watch App";
				WATCHOS_DEPLOYMENT_TARGET = 26.4;
			};
			name = Debug;
		};
		AF6F31032FAB642300461C0B /* Release */ = {
			isa = XCBuildConfiguration;
			buildSettings = {
				BUNDLE_LOADER = "$(TEST_HOST)";
				CODE_SIGN_STYLE = Automatic;
				CURRENT_PROJECT_VERSION = 1;
				DEVELOPMENT_TEAM = S9CQLSA84R;
				GENERATE_INFOPLIST_FILE = YES;
				MARKETING_VERSION = 1.0;
				PRODUCT_BUNDLE_IDENTIFIER = "aegislabs.LuluHealthWatch-Watch-AppTests";
				PRODUCT_NAME = "$(TARGET_NAME)";
				SDKROOT = watchos;
				STRING_CATALOG_GENERATE_SYMBOLS = NO;
				SWIFT_APPROACHABLE_CONCURRENCY = YES;
				SWIFT_EMIT_LOC_STRINGS = NO;
				SWIFT_UPCOMING_FEATURE_MEMBER_IMPORT_VISIBILITY = YES;
				SWIFT_VERSION = 5.0;
				TARGETED_DEVICE_FAMILY = 4;
				TEST_HOST = "$(BUILT_PRODUCTS_DIR)/LuluHealthWatch Watch App.app/$(BUNDLE_EXECUTABLE_FOLDER_PATH)/LuluHealthWatch Watch App";
				VALIDATE_PRODUCT = YES;
				WATCHOS_DEPLOYMENT_TARGET = 26.4;
			};
			name = Release;
		};
		AF6F31052FAB642300461C0B /* Debug */ = {
			isa = XCBuildConfiguration;
			buildSettings = {
				CODE_SIGN_STYLE = Automatic;
				CURRENT_PROJECT_VERSION = 1;
				DEVELOPMENT_TEAM = S9CQLSA84R;
				GENERATE_INFOPLIST_FILE = YES;
				MARKETING_VERSION = 1.0;
				PRODUCT_BUNDLE_IDENTIFIER = "aegislabs.LuluHealthWatch-Watch-AppUITests";
				PRODUCT_NAME = "$(TARGET_NAME)";
				SDKROOT = watchos;
				STRING_CATALOG_GENERATE_SYMBOLS = NO;
				SWIFT_APPROACHABLE_CONCURRENCY = YES;
				SWIFT_EMIT_LOC_STRINGS = NO;
				SWIFT_UPCOMING_FEATURE_MEMBER_IMPORT_VISIBILITY = YES;
				SWIFT_VERSION = 5.0;
				TARGETED_DEVICE_FAMILY = 4;
				TEST_TARGET_NAME = "LuluHealthWatch Watch App";
				WATCHOS_DEPLOYMENT_TARGET = 26.4;
			};
			name = Debug;
		};
		AF6F31062FAB642300461C0B /* Release */ = {
			isa = XCBuildConfiguration;
			buildSettings = {
				CODE_SIGN_STYLE = Automatic;
				CURRENT_PROJECT_VERSION = 1;
				DEVELOPMENT_TEAM = S9CQLSA84R;
				GENERATE_INFOPLIST_FILE = YES;
				MARKETING_VERSION = 1.0;
				PRODUCT_BUNDLE_IDENTIFIER = "aegislabs.LuluHealthWatch-Watch-AppUITests";
				PRODUCT_NAME = "$(TARGET_NAME)";
				SDKROOT = watchos;
				STRING_CATALOG_GENERATE_SYMBOLS = NO;
				SWIFT_APPROACHABLE_CONCURRENCY = YES;
				SWIFT_EMIT_LOC_STRINGS = NO;
				SWIFT_UPCOMING_FEATURE_MEMBER_IMPORT_VISIBILITY = YES;
				SWIFT_VERSION = 5.0;
				TARGETED_DEVICE_FAMILY = 4;
				TEST_TARGET_NAME = "LuluHealthWatch Watch App";
				VALIDATE_PRODUCT = YES;
				WATCHOS_DEPLOYMENT_TARGET = 26.4;
			};
			name = Release;
		};
		AF6F311F2FAB656F00461C0B /* Debug */ = {
			isa = XCBuildConfiguration;
			buildSettings = {
				ASSETCATALOG_COMPILER_GLOBAL_ACCENT_COLOR_NAME = AccentColor;
				ASSETCATALOG_COMPILER_WIDGET_BACKGROUND_COLOR_NAME = WidgetBackground;
				CODE_SIGN_STYLE = Automatic;
				CURRENT_PROJECT_VERSION = 1;
				DEVELOPMENT_TEAM = S9CQLSA84R;
				ENABLE_APP_SANDBOX = YES;
				ENABLE_HARDENED_RUNTIME = YES;
				GENERATE_INFOPLIST_FILE = YES;
				INFOPLIST_FILE = LuluHealthWidget/Info.plist;
				INFOPLIST_KEY_CFBundleDisplayName = LuluHealthWidget;
				INFOPLIST_KEY_NSHumanReadableCopyright = "";
				IPHONEOS_DEPLOYMENT_TARGET = 26.4;
				LD_RUNPATH_SEARCH_PATHS = (
					"$(inherited)",
					"@executable_path/Frameworks",
					"@executable_path/../../Frameworks",
				);
				"LD_RUNPATH_SEARCH_PATHS[sdk=macosx*]" = (
					"$(inherited)",
					"@executable_path/../Frameworks",
					"@executable_path/../../../../Frameworks",
				);
				MACOSX_DEPLOYMENT_TARGET = 26.4;
				MARKETING_VERSION = 1.0;
				PRODUCT_BUNDLE_IDENTIFIER = aegislabs.LuluHealth.LuluHealthWidget;
				PRODUCT_NAME = "$(TARGET_NAME)";
				SDKROOT = auto;
				SKIP_INSTALL = YES;
				STRING_CATALOG_GENERATE_SYMBOLS = YES;
				SUPPORTED_PLATFORMS = "iphoneos iphonesimulator macosx xros xrsimulator";
				SWIFT_APPROACHABLE_CONCURRENCY = YES;
				SWIFT_EMIT_LOC_STRINGS = YES;
				SWIFT_UPCOMING_FEATURE_MEMBER_IMPORT_VISIBILITY = YES;
				SWIFT_VERSION = 5.0;
				TARGETED_DEVICE_FAMILY = "1,2,7";
				XROS_DEPLOYMENT_TARGET = 26.4;
			};
			name = Debug;
		};
		AF6F31202FAB656F00461C0B /* Release */ = {
			isa = XCBuildConfiguration;
			buildSettings = {
				ASSETCATALOG_COMPILER_GLOBAL_ACCENT_COLOR_NAME = AccentColor;
				ASSETCATALOG_COMPILER_WIDGET_BACKGROUND_COLOR_NAME = WidgetBackground;
				CODE_SIGN_STYLE = Automatic;
				CURRENT_PROJECT_VERSION = 1;
				DEVELOPMENT_TEAM = S9CQLSA84R;
				ENABLE_APP_SANDBOX = YES;
				ENABLE_HARDENED_RUNTIME = YES;
				GENERATE_INFOPLIST_FILE = YES;
				INFOPLIST_FILE = LuluHealthWidget/Info.plist;
				INFOPLIST_KEY_CFBundleDisplayName = LuluHealthWidget;
				INFOPLIST_KEY_NSHumanReadableCopyright = "";
				IPHONEOS_DEPLOYMENT_TARGET = 26.4;
				LD_RUNPATH_SEARCH_PATHS = (
					"$(inherited)",
					"@executable_path/Frameworks",
					"@executable_path/../../Frameworks",
				);
				"LD_RUNPATH_SEARCH_PATHS[sdk=macosx*]" = (
					"$(inherited)",
					"@executable_path/../Frameworks",
					"@executable_path/../../../../Frameworks",
				);
				MACOSX_DEPLOYMENT_TARGET = 26.4;
				MARKETING_VERSION = 1.0;
				PRODUCT_BUNDLE_IDENTIFIER = aegislabs.LuluHealth.LuluHealthWidget;
				PRODUCT_NAME = "$(TARGET_NAME)";
				SDKROOT = auto;
				SKIP_INSTALL = YES;
				STRING_CATALOG_GENERATE_SYMBOLS = YES;
				SUPPORTED_PLATFORMS = "iphoneos iphonesimulator macosx xros xrsimulator";
				SWIFT_APPROACHABLE_CONCURRENCY = YES;
				SWIFT_EMIT_LOC_STRINGS = YES;
				SWIFT_UPCOMING_FEATURE_MEMBER_IMPORT_VISIBILITY = YES;
				SWIFT_VERSION = 5.0;
				TARGETED_DEVICE_FAMILY = "1,2,7";
				XROS_DEPLOYMENT_TARGET = 26.4;
			};
			name = Release;
		};
/* End XCBuildConfiguration section */

/* Begin XCConfigurationList section */
		AF6F30542FAB375500461C0B /* Build configuration list for PBXProject "LuluHealth" */ = {
			isa = XCConfigurationList;
			buildConfigurations = (
				AF6F30802FAB375700461C0B /* Debug */,
				AF6F30812FAB375700461C0B /* Release */,
			);
			defaultConfigurationIsVisible = 0;
			defaultConfigurationName = Release;
		};
		AF6F307D2FAB375700461C0B /* Build configuration list for PBXNativeTarget "LuluHealth" */ = {
			isa = XCConfigurationList;
			buildConfigurations = (
				AF6F307E2FAB375700461C0B /* Debug */,
				AF6F307F2FAB375700461C0B /* Release */,
			);
			defaultConfigurationIsVisible = 0;
			defaultConfigurationName = Release;
		};
		AF6F30822FAB375700461C0B /* Build configuration list for PBXNativeTarget "LuluHealthTests" */ = {
			isa = XCConfigurationList;
			buildConfigurations = (
				AF6F30832FAB375700461C0B /* Debug */,
				AF6F30842FAB375700461C0B /* Release */,
			);
			defaultConfigurationIsVisible = 0;
			defaultConfigurationName = Release;
		};
		AF6F30852FAB375700461C0B /* Build configuration list for PBXNativeTarget "LuluHealthUITests" */ = {
			isa = XCConfigurationList;
			buildConfigurations = (
				AF6F30862FAB375700461C0B /* Debug */,
				AF6F30872FAB375700461C0B /* Release */,
			);
			defaultConfigurationIsVisible = 0;
			defaultConfigurationName = Release;
		};
		AF6F30FD2FAB642300461C0B /* Build configuration list for PBXNativeTarget "LuluHealthWatch Watch App" */ = {
			isa = XCConfigurationList;
			buildConfigurations = (
				AF6F30FE2FAB642300461C0B /* Debug */,
				AF6F30FF2FAB642300461C0B /* Release */,
			);
			defaultConfigurationIsVisible = 0;
			defaultConfigurationName = Release;
		};
		AF6F31012FAB642300461C0B /* Build configuration list for PBXNativeTarget "LuluHealthWatch Watch AppTests" */ = {
			isa = XCConfigurationList;
			buildConfigurations = (
				AF6F31022FAB642300461C0B /* Debug */,
				AF6F31032FAB642300461C0B /* Release */,
			);
			defaultConfigurationIsVisible = 0;
			defaultConfigurationName = Release;
		};
		AF6F31042FAB642300461C0B /* Build configuration list for PBXNativeTarget "LuluHealthWatch Watch AppUITests" */ = {
			isa = XCConfigurationList;
			buildConfigurations = (
				AF6F31052FAB642300461C0B /* Debug */,
				AF6F31062FAB642300461C0B /* Release */,
			);
			defaultConfigurationIsVisible = 0;
			defaultConfigurationName = Release;
		};
		AF6F311E2FAB656F00461C0B /* Build configuration list for PBXNativeTarget "LuluHealthWidgetExtension" */ = {
			isa = XCConfigurationList;
			buildConfigurations = (
				AF6F311F2FAB656F00461C0B /* Debug */,
				AF6F31202FAB656F00461C0B /* Release */,
			);
			defaultConfigurationIsVisible = 0;
			defaultConfigurationName = Release;
		};
/* End XCConfigurationList section */

/* Begin XCRemoteSwiftPackageReference section */
		AF7B00022FB0000100461C0B /* XCRemoteSwiftPackageReference "lottie-ios" */ = {
			isa = XCRemoteSwiftPackageReference;
			repositoryURL = "https://github.com/airbnb/lottie-ios.git";
			requirement = {
				kind = upToNextMajorVersion;
				minimumVersion = 4.5.2;
			};
		};
/* End XCRemoteSwiftPackageReference section */

/* Begin XCSwiftPackageProductDependency section */
		AF7B00032FB0000100461C0B /* Lottie */ = {
			isa = XCSwiftPackageProductDependency;
			package = AF7B00022FB0000100461C0B /* XCRemoteSwiftPackageReference "lottie-ios" */;
			productName = Lottie;
		};
/* End XCSwiftPackageProductDependency section */
	};
	rootObject = AF6F30512FAB375500461C0B /* Project object */;
}
